// !$*UTF8*$!
{
	archiveVersion = 1;
	classes = {
	};
	objectVersion = 50;
	objects = {

/* Begin PBXBuildFile section */
		C4763FED251BAAA200CFF55A /* AppDelegate.swift in Sources */ = {isa = PBXBuildFile; fileRef = C4763FEC251BAAA200CFF55A /* AppDelegate.swift */; };
		C4763FEF251BAAA200CFF55A /* SceneDelegate.swift in Sources */ = {isa = PBXBuildFile; fileRef = C4763FEE251BAAA200CFF55A /* SceneDelegate.swift */; };
		C4763FF1251BAAA200CFF55A /* ContentView.swift in Sources */ = {isa = PBXBuildFile; fileRef = C4763FF0251BAAA200CFF55A /* ContentView.swift */; };
		C4763FF3251BAAA800CFF55A /* Assets.xcassets in Resources */ = {isa = PBXBuildFile; fileRef = C4763FF2251BAAA800CFF55A /* Assets.xcassets */; };
		C4763FF6251BAAA800CFF55A /* Preview Assets.xcassets in Resources */ = {isa = PBXBuildFile; fileRef = C4763FF5251BAAA800CFF55A /* Preview Assets.xcassets */; };
		C4763FF9251BAAA800CFF55A /* LaunchScreen.storyboard in Resources */ = {isa = PBXBuildFile; fileRef = C4763FF7251BAAA800CFF55A /* LaunchScreen.storyboard */; };
		C4764001251BB0CD00CFF55A /* Icons.xcassets in Resources */ = {isa = PBXBuildFile; fileRef = C4764000251BB0CD00CFF55A /* Icons.xcassets */; };
		C4764005251BB5E900CFF55A /* MenuItem.swift in Sources */ = {isa = PBXBuildFile; fileRef = C4764004251BB5E900CFF55A /* MenuItem.swift */; };
		C4764007251BBAD500CFF55A /* NavHeader.swift in Sources */ = {isa = PBXBuildFile; fileRef = C4764006251BBAD500CFF55A /* NavHeader.swift */; };
		C4764009251BC3CF00CFF55A /* NavFooter.swift in Sources */ = {isa = PBXBuildFile; fileRef = C4764008251BC3CF00CFF55A /* NavFooter.swift */; };
		C476400B251BC65400CFF55A /* NavMenu.swift in Sources */ = {isa = PBXBuildFile; fileRef = C476400A251BC65400CFF55A /* NavMenu.swift */; };
/* End PBXBuildFile section */

/* Begin PBXFileReference section */
		C4763FE9251BAAA200CFF55A /* NavigationMenu.app */ = {isa = PBXFileReference; explicitFileType = wrapper.application; includeInIndex = 0; path = NavigationMenu.app; sourceTree = BUILT_PRODUCTS_DIR; };
		C4763FEC251BAAA200CFF55A /* AppDelegate.swift */ = {isa = PBXFileReference; lastKnownFileType = sourcecode.swift; path = AppDelegate.swift; sourceTree = "<group>"; };
		C4763FEE251BAAA200CFF55A /* SceneDelegate.swift */ = {isa = PBXFileReference; lastKnownFileType = sourcecode.swift; path = SceneDelegate.swift; sourceTree = "<group>"; };
		C4763FF0251BAAA200CFF55A /* ContentView.swift */ = {isa = PBXFileReference; lastKnownFileType = sourcecode.swift; path = ContentView.swift; sourceTree = "<group>"; };
		C4763FF2251BAAA800CFF55A /* Assets.xcassets */ = {isa = PBXFileReference; lastKnownFileType = folder.assetcatalog; path = Assets.xcassets; sourceTree = "<group>"; };
		C4763FF5251BAAA800CFF55A /* Preview Assets.xcassets */ = {isa = PBXFileReference; lastKnownFileType = folder.assetcatalog; path = "Preview Assets.xcassets"; sourceTree = "<group>"; };
		C4763FF8251BAAA800CFF55A /* Base */ = {isa = PBXFileReference; lastKnownFileType = file.storyboard; name = Base; path = Base.lproj/LaunchScreen.storyboard; sourceTree = "<group>"; };
		C4763FFA251BAAA800CFF55A /* Info.plist */ = {isa = PBXFileReference; lastKnownFileType = text.plist.xml; path = Info.plist; sourceTree = "<group>"; };
		C4764000251BB0CD00CFF55A /* Icons.xcassets */ = {isa = PBXFileReference; lastKnownFileType = folder.assetcatalog; path = Icons.xcassets; sourceTree = "<group>"; };
		C4764004251BB5E900CFF55A /* MenuItem.swift */ = {isa = PBXFileReference; lastKnownFileType = sourcecode.swift; path = MenuItem.swift; sourceTree = "<group>"; };
		C4764006251BBAD500CFF55A /* NavHeader.swift */ = {isa = PBXFileReference; lastKnownFileType = sourcecode.swift; path = NavHeader.swift; sourceTree = "<group>"; };
		C4764008251BC3CF00CFF55A /* NavFooter.swift */ = {isa = PBXFileReference; lastKnownFileType = sourcecode.swift; path = NavFooter.swift; sourceTree = "<group>"; };
		C476400A251BC65400CFF55A /* NavMenu.swift */ = {isa = PBXFileReference; lastKnownFileType = sourcecode.swift; path = NavMenu.swift; sourceTree = "<group>"; };
/* End PBXFileReference section */

/* Begin PBXFrameworksBuildPhase section */
		C4763FE6251BAAA200CFF55A /* Frameworks */ = {
			isa = PBXFrameworksBuildPhase;
			buildActionMask = 2147483647;
			files = (
			);
			runOnlyForDeploymentPostprocessing = 0;
		};
/* End PBXFrameworksBuildPhase section */

/* Begin PBXGroup section */
		C4763FE0251BAAA200CFF55A = {
			isa = PBXGroup;
			children = (
				C4763FEB251BAAA200CFF55A /* NavigationMenu */,
				C4763FEA251BAAA200CFF55A /* Products */,
			);
			sourceTree = "<group>";
		};
		C4763FEA251BAAA200CFF55A /* Products */ = {
			isa = PBXGroup;
			children = (
				C4763FE9251BAAA200CFF55A /* NavigationMenu.app */,
			);
			name = Products;
			sourceTree = "<group>";
		};
		C4763FEB251BAAA200CFF55A /* NavigationMenu */ = {
			isa = PBXGroup;
			children = (
				C4764003251BB28800CFF55A /* UI */,
				C4764002251BB0DE00CFF55A /* Assets */,
				C4763FEC251BAAA200CFF55A /* AppDelegate.swift */,
				C4763FEE251BAAA200CFF55A /* SceneDelegate.swift */,
				C4763FF0251BAAA200CFF55A /* ContentView.swift */,
				C4763FF7251BAAA800CFF55A /* LaunchScreen.storyboard */,
				C4763FFA251BAAA800CFF55A /* Info.plist */,
				C4763FF4251BAAA800CFF55A /* Preview Content */,
			);
			path = NavigationMenu;
			sourceTree = "<group>";
		};
		C4763FF4251BAAA800CFF55A /* Preview Content */ = {
			isa = PBXGroup;
			children = (
				C4763FF5251BAAA800CFF55A /* Preview Assets.xcassets */,
			);
			path = "Preview Content";
			sourceTree = "<group>";
		};
		C4764002251BB0DE00CFF55A /* Assets */ = {
			isa = PBXGroup;
			children = (
				C4764000251BB0CD00CFF55A /* Icons.xcassets */,
				C4763FF2251BAAA800CFF55A /* Assets.xcassets */,
			);
			path = Assets;
			sourceTree = "<group>";
		};
		C4764003251BB28800CFF55A /* UI */ = {
			isa = PBXGroup;
			children = (
				C4764004251BB5E900CFF55A /* MenuItem.swift */,
				C4764006251BBAD500CFF55A /* NavHeader.swift */,
				C4764008251BC3CF00CFF55A /* NavFooter.swift */,
				C476400A251BC65400CFF55A /* NavMenu.swift */,
			);
			path = UI;
			sourceTree = "<group>";
		};
/* End PBXGroup section */

/* Begin PBXNativeTarget section */
		C4763FE8251BAAA200CFF55A /* NavigationMenu */ = {
			isa = PBXNativeTarget;
			buildConfigurationList = C4763FFD251BAAA800CFF55A /* Build configuration list for PBXNativeTarget "NavigationMenu" */;
			buildPhases = (
				C4763FE5251BAAA200CFF55A /* Sources */,
				C4763FE6251BAAA200CFF55A /* Frameworks */,
				C4763FE7251BAAA200CFF55A /* Resources */,
			);
			buildRules = (
			);
			dependencies = (
			);
			name = NavigationMenu;
			productName = NavigationMenu;
			productReference = C4763FE9251BAAA200CFF55A /* NavigationMenu.app */;
			productType = "com.apple.product-type.application";
		};
/* End PBXNativeTarget section */

/* Begin PBXProject section */
		C4763FE1251BAAA200CFF55A /* Project object */ = {
			isa = PBXProject;
			attributes = {
				LastSwiftUpdateCheck = 1150;
				LastUpgradeCheck = 1150;
				ORGANIZATIONNAME = "Jerry Okafor";
				TargetAttributes = {
					C4763FE8251BAAA200CFF55A = {
						CreatedOnToolsVersion = 11.5;
					};
				};
			};
			buildConfigurationList = C4763FE4251BAAA200CFF55A /* Build configuration list for PBXProject "NavigationMenu" */;
			compatibilityVersion = "Xcode 9.3";
			developmentRegion = en;
			hasScannedForEncodings = 0;
			knownRegions = (
				en,
				Base,
			);
			mainGroup = C4763FE0251BAAA200CFF55A;
			productRefGroup = C4763FEA251BAAA200CFF55A /* Products */;
			projectDirPath = "";
			projectRoot = "";
			targets = (
				C4763FE8251BAAA200CFF55A /* NavigationMenu */,
			);
		};
/* End PBXProject section */

/* Begin PBXResourcesBuildPhase section */
		C4763FE7251BAAA200CFF55A /* Resources */ = {
			isa = PBXResourcesBuildPhase;
			buildActionMask = 2147483647;
			files = (
				C4763FF9251BAAA800CFF55A /* LaunchScreen.storyboard in Resources */,
				C4763FF6251BAAA800CFF55A /* Preview Assets.xcassets in Resources */,
				C4764001251BB0CD00CFF55A /* Icons.xcassets in Resources */,
				C4763FF3251BAAA800CFF55A /* Assets.xcassets in Resources */,
			);
			runOnlyForDeploymentPostprocessing = 0;
		};
/* End PBXResourcesBuildPhase section */

/* Begin PBXSourcesBuildPhase section */
		C4763FE5251BAAA200CFF55A /* Sources */ = {
			isa = PBXSourcesBuildPhase;
			buildActionMask = 2147483647;
			files = (
				C4763FED251BAAA200CFF55A /* AppDelegate.swift in Sources */,
				C4764005251BB5E900CFF55A /* MenuItem.swift in Sources */,
				C4764009251BC3CF00CFF55A /* NavFooter.swift in Sources */,
				C4764007251BBAD500CFF55A /* NavHeader.swift in Sources */,
				C4763FEF251BAAA200CFF55A /* SceneDelegate.swift in Sources */,
				C4763FF1251BAAA200CFF55A /* ContentView.swift in Sources */,
				C476400B251BC65400CFF55A /* NavMenu.swift in Sources */,
			);
			runOnlyForDeploymentPostprocessing = 0;
		};
/* End PBXSourcesBuildPhase section */

/* Begin PBXVariantGroup section */
		C4763FF7251BAAA800CFF55A /* LaunchScreen.storyboard */ = {
			isa = PBXVariantGroup;
			children = (
				C4763FF8251BAAA800CFF55A /* Base */,
			);
			name = LaunchScreen.storyboard;
			sourceTree = "<group>";
		};
/* End PBXVariantGroup section */

/* Begin XCBuildConfiguration section */
		C4763FFB251BAAA800CFF55A /* Debug */ = {
			isa = XCBuildConfiguration;
			buildSettings = {
				ALWAYS_SEARCH_USER_PATHS = NO;
				CLANG_ANALYZER_NONNULL = YES;
				CLANG_ANALYZER_NUMBER_OBJECT_CONVERSION = YES_AGGRESSIVE;
				CLANG_CXX_LANGUAGE_STANDARD = "gnu++14";
				CLANG_CXX_LIBRARY = "libc++";
				CLANG_ENABLE_MODULES = YES;
				CLANG_ENABLE_OBJC_ARC = YES;
				CLANG_ENABLE_OBJC_WEAK = YES;
				CLANG_WARN_BLOCK_CAPTURE_AUTORELEASING = YES;
				CLANG_WARN_BOOL_CONVERSION = YES;
				CLANG_WARN_COMMA = YES;
				CLANG_WARN_CONSTANT_CONVERSION = YES;
				CLANG_WARN_DEPRECATED_OBJC_IMPLEMENTATIONS = YES;
				CLANG_WARN_DIRECT_OBJC_ISA_USAGE = YES_ERROR;
				CLANG_WARN_DOCUMENTATION_COMMENTS = YES;
				CLANG_WARN_EMPTY_BODY = YES;
				CLANG_WARN_ENUM_CONVERSION = YES;
				CLANG_WARN_INFINITE_RECURSION = YES;
				CLANG_WARN_INT_CONVERSION = YES;
				CLANG_WARN_NON_LITERAL_NULL_CONVERSION = YES;
				CLANG_WARN_OBJC_IMPLICIT_RETAIN_SELF = YES;
				CLANG_WARN_OBJC_LITERAL_CONVERSION = YES;
				CLANG_WARN_OBJC_ROOT_CLASS = YES_ERROR;
				CLANG_WARN_RANGE_LOOP_ANALYSIS = YES;
				CLANG_WARN_STRICT_PROTOTYPES = YES;
				CLANG_WARN_SUSPICIOUS_MOVE = YES;
				CLANG_WARN_UNGUARDED_AVAILABILITY = YES_AGGRESSIVE;
				CLANG_WARN_UNREACHABLE_CODE = YES;
				CLANG_WARN__DUPLICATE_METHOD_MATCH = YES;
				COPY_PHASE_STRIP = NO;
				DEBUG_INFORMATION_FORMAT = dwarf;
				ENABLE_STRICT_OBJC_MSGSEND = YES;
				ENABLE_TESTABILITY = YES;
				GCC_C_LANGUAGE_STANDARD = gnu11;
				GCC_DYNAMIC_NO_PIC = NO;
				GCC_NO_COMMON_BLOCKS = YES;
				GCC_OPTIMIZATION_LEVEL = 0;
				GCC_PREPROCESSOR_DEFINITIONS = (
					"DEBUG=1",
					"$(inherited)",
				);
				GCC_WARN_64_TO_32_BIT_CONVERSION = YES;
				GCC_WARN_ABOUT_RETURN_TYPE = YES_ERROR;
				GCC_WARN_UNDECLARED_SELECTOR = YES;
				GCC_WARN_UNINITIALIZED_AUTOS = YES_AGGRESSIVE;
				GCC_WARN_UNUSED_FUNCTION = YES;
				GCC_WARN_UNUSED_VARIABLE = YES;
				IPHONEOS_DEPLOYMENT_TARGET = 13.5;
				MTL_ENABLE_DEBUG_INFO = INCLUDE_SOURCE;
				MTL_FAST_MATH = YES;
				ONLY_ACTIVE_ARCH = YES;
				SDKROOT = iphoneos;
				SWIFT_ACTIVE_COMPILATION_CONDITIONS = DEBUG;
				SWIFT_OPTIMIZATION_LEVEL = "-Onone";
			};
			name = Debug;
		};
		C4763FFC251BAAA800CFF55A /* Release */ = {
			isa = XCBuildConfiguration;
			buildSettings = {
				ALWAYS_SEARCH_USER_PATHS = NO;
				CLANG_ANALYZER_NONNULL = YES;
				CLANG_ANALYZER_NUMBER_OBJECT_CONVERSION = YES_AGGRESSIVE;
				CLANG_CXX_LANGUAGE_STANDARD = "gnu++14";
				CLANG_CXX_LIBRARY = "libc++";
				CLANG_ENABLE_MODULES = YES;
				CLANG_ENABLE_OBJC_ARC = YES;
				CLANG_ENABLE_OBJC_WEAK = YES;
				CLANG_WARN_BLOCK_CAPTURE_AUTORELEASING = YES;
				CLANG_WARN_BOOL_CONVERSION = YES;
				CLANG_WARN_COMMA = YES;
				CLANG_WARN_CONSTANT_CONVERSION = YES;
				CLANG_WARN_DEPRECATED_OBJC_IMPLEMENTATIONS = YES;
				CLANG_WARN_DIRECT_OBJC_ISA_USAGE = YES_ERROR;
				CLANG_WARN_DOCUMENTATION_COMMENTS = YES;
				CLANG_WARN_EMPTY_BODY = YES;
				CLANG_WARN_ENUM_CONVERSION = YES;
				CLANG_WARN_INFINITE_RECURSION = YES;
				CLANG_WARN_INT_CONVERSION = YES;
				CLANG_WARN_NON_LITERAL_NULL_CONVERSION = YES;
				CLANG_WARN_OBJC_IMPLICIT_RETAIN_SELF = YES;
				CLANG_WARN_OBJC_LITERAL_CONVERSION = YES;
				CLANG_WARN_OBJC_ROOT_CLASS = YES_ERROR;
				CLANG_WARN_RANGE_LOOP_ANALYSIS = YES;
				CLANG_WARN_STRICT_PROTOTYPES = YES;
				CLANG_WARN_SUSPICIOUS_MOVE = YES;
				CLANG_WARN_UNGUARDED_AVAILABILITY = YES_AGGRESSIVE;
				CLANG_WARN_UNREACHABLE_CODE = YES;
				CLANG_WARN__DUPLICATE_METHOD_MATCH = YES;
				COPY_PHASE_STRIP = NO;
				DEBUG_INFORMATION_FORMAT = "dwarf-with-dsym";
				ENABLE_NS_ASSERTIONS = NO;
				ENABLE_STRICT_OBJC_MSGSEND = YES;
				GCC_C_LANGUAGE_STANDARD = gnu11;
				GCC_NO_COMMON_BLOCKS = YES;
				GCC_WARN_64_TO_32_BIT_CONVERSION = YES;
				GCC_WARN_ABOUT_RETURN_TYPE = YES_ERROR;
				GCC_WARN_UNDECLARED_SELECTOR = YES;
				GCC_WARN_UNINITIALIZED_AUTOS = YES_AGGRESSIVE;
				GCC_WARN_UNUSED_FUNCTION = YES;
				GCC_WARN_UNUSED_VARIABLE = YES;
				IPHONEOS_DEPLOYMENT_TARGET = 13.5;
				MTL_ENABLE_DEBUG_INFO = NO;
				MTL_FAST_MATH = YES;
				SDKROOT = iphoneos;
				SWIFT_COMPILATION_MODE = wholemodule;
				SWIFT_OPTIMIZATION_LEVEL = "-O";
				VALIDATE_PRODUCT = YES;
			};
			name = Release;
		};
		C4763FFE251BAAA800CFF55A /* Debug */ = {
			isa = XCBuildConfiguration;
			buildSettings = {
				ASSETCATALOG_COMPILER_APPICON_NAME = AppIcon;
				CODE_SIGN_STYLE = Automatic;
				DEVELOPMENT_ASSET_PATHS = "\"NavigationMenu/Preview Content\"";
				DEVELOPMENT_TEAM = 45ZGNV2NAU;
				ENABLE_PREVIEWS = YES;
				INFOPLIST_FILE = NavigationMenu/Info.plist;
				LD_RUNPATH_SEARCH_PATHS = (
					"$(inherited)",
					"@executable_path/Frameworks",
				);
				PRODUCT_BUNDLE_IDENTIFIER = me.jerryhanks.NavigationMenu;
				PRODUCT_NAME = "$(TARGET_NAME)";
				SWIFT_VERSION = 5.0;
				TARGETED_DEVICE_FAMILY = "1,2";
			};
			name = Debug;
		};
		C4763FFF251BAAA800CFF55A /* Release */ = {
			isa = XCBuildConfiguration;
			buildSettings = {
				ASSETCATALOG_COMPILER_APPICON_NAME = AppIcon;
				CODE_SIGN_STYLE = Automatic;
				DEVELOPMENT_ASSET_PATHS = "\"NavigationMenu/Preview Content\"";
				DEVELOPMENT_TEAM = 45ZGNV2NAU;
				ENABLE_PREVIEWS = YES;
				INFOPLIST_FILE = NavigationMenu/Info.plist;
				LD_RUNPATH_SEARCH_PATHS = (
					"$(inherited)",
					"@executable_path/Frameworks",
				);
				PRODUCT_BUNDLE_IDENTIFIER = me.jerryhanks.NavigationMenu;
				PRODUCT_NAME = "$(TARGET_NAME)";
				SWIFT_VERSION = 5.0;
				TARGETED_DEVICE_FAMILY = "1,2";
			};
			name = Release;
		};
/* End XCBuildConfiguration section */

/* Begin XCConfigurationList section */
		C4763FE4251BAAA200CFF55A /* Build configuration list for PBXProject "NavigationMenu" */ = {
			isa = XCConfigurationList;
			buildConfigurations = (
				C4763FFB251BAAA800CFF55A /* Debug */,
				C4763FFC251BAAA800CFF55A /* Release */,
			);
			defaultConfigurationIsVisible = 0;
			defaultConfigurationName = Release;
		};
		C4763FFD251BAAA800CFF55A /* Build configuration list for PBXNativeTarget "NavigationMenu" */ = {
			isa = XCConfigurationList;
			buildConfigurations = (
				C4763FFE251BAAA800CFF55A /* Debug */,
				C4763FFF251BAAA800CFF55A /* Release */,
			);
			defaultConfigurationIsVisible = 0;
			defaultConfigurationName = Release;
		};
/* End XCConfigurationList section */
	};
	rootObject = C4763FE1251BAAA200CFF55A /* Project object */;
}
